
Microsoft Visual Studio Solution File, Format Version 12.00
# Visual Studio Version 17
VisualStudioVersion = 17.9.34728.123
MinimumVisualStudioVersion = 10.0.40219.1
Project("{9A19103F-16F7-4668-BE54-9A1E7A4F7556}") = "Generator", "Generator\Generator.csproj", "{7E34EB29-1692-4879-93EA-1C154CAAA527}"
EndProject
Project("{9A19103F-16F7-4668-BE54-9A1E7A4F7556}") = "TesterConsole", "TesterConsole\TesterConsole.csproj", "{A5F16955-957F-4F71-B451-9B9B247D2428}"
EndProject
Project("{9A19103F-16F7-4668-BE54-9A1E7A4F7556}") = "TestAuoGen.Api", "TestAuoGenApi\TestAuoGen.Api.csproj", "{859D48D0-08C1-408F-8A7D-FC0FD2D5186C}"
EndProject
Project("{9A19103F-16F7-4668-BE54-9A1E7A4F7556}") = "Generator.Attributes", "Generator.Attributes\Generator.Attributes.csproj", "{C644FD53-BDE7-4355-91C2-9487EBCB776B}"
EndProject
Project("{FAE04EC0-301F-11D3-BF4B-00C04F79EFBC}") = "TestAutoGen.Dal", "TestAutoGen.Dal\TestAutoGen.Dal.csproj", "{BB48BE8D-1D2A-4E34-B547-20676C78EFF6}"
EndProject
Global
	GlobalSection(SolutionConfigurationPlatforms) = preSolution
		Debug|Any CPU = Debug|Any CPU
		Release|Any CPU = Release|Any CPU
	EndGlobalSection
	GlobalSection(ProjectConfigurationPlatforms) = postSolution
		{7E34EB29-1692-4879-93EA-1C154CAAA527}.Debug|Any CPU.ActiveCfg = Debug|Any CPU
		{7E34EB29-1692-4879-93EA-1C154CAAA527}.Debug|Any CPU.Build.0 = Debug|Any CPU
		{7E34EB29-1692-4879-93EA-1C154CAAA527}.Release|Any CPU.ActiveCfg = Release|Any CPU
		{7E34EB29-1692-4879-93EA-1C154CAAA527}.Release|Any CPU.Build.0 = Release|Any CPU
		{A5F16955-957F-4F71-B451-9B9B247D2428}.Debug|Any CPU.ActiveCfg = Debug|Any CPU
		{A5F16955-957F-4F71-B451-9B9B247D2428}.Debug|Any CPU.Build.0 = Debug|Any CPU
		{A5F16955-957F-4F71-B451-9B9B247D2428}.Release|Any CPU.ActiveCfg = Release|Any CPU
		{A5F16955-957F-4F71-B451-9B9B247D2428}.Release|Any CPU.Build.0 = Release|Any CPU
		{859D48D0-08C1-408F-8A7D-FC0FD2D5186C}.Debug|Any CPU.ActiveCfg = Debug|Any CPU
		{859D48D0-08C1-408F-8A7D-FC0FD2D5186C}.Debug|Any CPU.Build.0 = Debug|Any CPU
		{859D48D0-08C1-408F-8A7D-FC0FD2D5186C}.Release|Any CPU.ActiveCfg = Release|Any CPU
		{859D48D0-08C1-408F-8A7D-FC0FD2D5186C}.Release|Any CPU.Build.0 = Release|Any CPU
		{C644FD53-BDE7-4355-91C2-9487EBCB776B}.Debug|Any CPU.ActiveCfg = Debug|Any CPU
		{C644FD53-BDE7-4355-91C2-9487EBCB776B}.Debug|Any CPU.Build.0 = Debug|Any CPU
		{C644FD53-BDE7-4355-91C2-9487EBCB776B}.Release|Any CPU.ActiveCfg = Release|Any CPU
		{C644FD53-BDE7-4355-91C2-9487EBCB776B}.Release|Any CPU.Build.0 = Release|Any CPU
		{BB48BE8D-1D2A-4E34-B547-20676C78EFF6}.Debug|Any CPU.ActiveCfg = Debug|Any CPU
		{BB48BE8D-1D2A-4E34-B547-20676C78EFF6}.Debug|Any CPU.Build.0 = Debug|Any CPU
		{BB48BE8D-1D2A-4E34-B547-20676C78EFF6}.Release|Any CPU.ActiveCfg = Release|Any CPU
		{BB48BE8D-1D2A-4E34-B547-20676C78EFF6}.Release|Any CPU.Build.0 = Release|Any CPU
	EndGlobalSection
	GlobalSection(SolutionProperties) = preSolution
		HideSolutionNode = FALSE
	EndGlobalSection
	GlobalSection(ExtensibilityGlobals) = postSolution
		SolutionGuid = {51DFC202-1CFE-49B4-A4A6-0E4017704B13}
	EndGlobalSection
EndGlobal
